
Microsoft Visual Studio Solution File, Format Version 12.00
# Visual Studio 15
VisualStudioVersion = 15.0.28307.136
MinimumVisualStudioVersion = 10.0.40219.1
Project("{FAE04EC0-301F-11D3-BF4B-00C04F79EFBC}") = "MercadoPagoCrossPlatform.Android", "MercadoPagoCrossPlatform\MercadoPagoCrossPlatform.Android\MercadoPagoCrossPlatform.Android.csproj", "{EE9395CA-FF46-4358-8253-10D12F68848E}"
EndProject
Project("{FAE04EC0-301F-11D3-BF4B-00C04F79EFBC}") = "MercadoPagoCrossPlatform.iOS", "MercadoPagoCrossPlatform\MercadoPagoCrossPlatform.iOS\MercadoPagoCrossPlatform.iOS.csproj", "{9D010DB5-B19D-4F5B-97AF-DA8558855FCB}"
EndProject
Project("{FAE04EC0-301F-11D3-BF4B-00C04F79EFBC}") = "MercadoPagoCrossPlatform", "MercadoPagoCrossPlatform\MercadoPagoCrossPlatform\MercadoPagoCrossPlatform.csproj", "{C2AFFC7F-EC66-41BF-83E2-4B8F91C6DEB2}"
EndProject
Global
	GlobalSection(SolutionConfigurationPlatforms) = preSolution
		Ad-Hoc|Any CPU = Ad-Hoc|Any CPU
		Ad-Hoc|iPhone = Ad-Hoc|iPhone
		Ad-Hoc|iPhoneSimulator = Ad-Hoc|iPhoneSimulator
		AppStore|Any CPU = AppStore|Any CPU
		AppStore|iPhone = AppStore|iPhone
		AppStore|iPhoneSimulator = AppStore|iPhoneSimulator
		Debug|Any CPU = Debug|Any CPU
		Debug|iPhone = Debug|iPhone
		Debug|iPhoneSimulator = Debug|iPhoneSimulator
		Release|Any CPU = Release|Any CPU
		Release|iPhone = Release|iPhone
		Release|iPhoneSimulator = Release|iPhoneSimulator
	EndGlobalSection
	GlobalSection(ProjectConfigurationPlatforms) = postSolution
		{EE9395CA-FF46-4358-8253-10D12F68848E}.Ad-Hoc|Any CPU.ActiveCfg = Release|Any CPU
		{EE9395CA-FF46-4358-8253-10D12F68848E}.Ad-Hoc|Any CPU.Build.0 = Release|Any CPU
		{EE9395CA-FF46-4358-8253-10D12F68848E}.Ad-Hoc|Any CPU.Deploy.0 = Release|Any CPU
		{EE9395CA-FF46-4358-8253-10D12F68848E}.Ad-Hoc|iPhone.ActiveCfg = Release|Any CPU
		{EE9395CA-FF46-4358-8253-10D12F68848E}.Ad-Hoc|iPhone.Build.0 = Release|Any CPU
		{EE9395CA-FF46-4358-8253-10D12F68848E}.Ad-Hoc|iPhone.Deploy.0 = Release|Any CPU
		{EE9395CA-FF46-4358-8253-10D12F68848E}.Ad-Hoc|iPhoneSimulator.ActiveCfg = Release|Any CPU
		{EE9395CA-FF46-4358-8253-10D12F68848E}.Ad-Hoc|iPhoneSimulator.Build.0 = Release|Any CPU
		{EE9395CA-FF46-4358-8253-10D12F68848E}.Ad-Hoc|iPhoneSimulator.Deploy.0 = Release|Any CPU
		{EE9395CA-FF46-4358-8253-10D12F68848E}.AppStore|Any CPU.ActiveCfg = Release|Any CPU
		{EE9395CA-FF46-4358-8253-10D12F68848E}.AppStore|Any CPU.Build.0 = Release|Any CPU
		{EE9395CA-FF46-4358-8253-10D12F68848E}.AppStore|Any CPU.Deploy.0 = Release|Any CPU
		{EE9395CA-FF46-4358-8253-10D12F68848E}.AppStore|iPhone.ActiveCfg = Release|Any CPU
		{EE9395CA-FF46-4358-8253-10D12F68848E}.AppStore|iPhone.Build.0 = Release|Any CPU
		{EE9395CA-FF46-4358-8253-10D12F68848E}.AppStore|iPhone.Deploy.0 = Release|Any CPU
		{EE9395CA-FF46-4358-8253-10D12F68848E}.AppStore|iPhoneSimulator.ActiveCfg = Release|Any CPU
		{EE9395CA-FF46-4358-8253-10D12F68848E}.AppStore|iPhoneSimulator.Build.0 = Release|Any CPU
		{EE9395CA-FF46-4358-8253-10D12F68848E}.AppStore|iPhoneSimulator.Deploy.0 = Release|Any CPU
		{EE9395CA-FF46-4358-8253-10D12F68848E}.Debug|Any CPU.ActiveCfg = Debug|Any CPU
		{EE9395CA-FF46-4358-8253-10D12F68848E}.Debug|Any CPU.Build.0 = Debug|Any CPU
		{EE9395CA-FF46-4358-8253-10D12F68848E}.Debug|Any CPU.Deploy.0 = Debug|Any CPU
		{EE9395CA-FF46-4358-8253-10D12F68848E}.Debug|iPhone.ActiveCfg = Debug|Any CPU
		{EE9395CA-FF46-4358-8253-10D12F68848E}.Debug|iPhone.Build.0 = Debug|Any CPU
		{EE9395CA-FF46-4358-8253-10D12F68848E}.Debug|iPhone.Deploy.0 = Debug|Any CPU
		{EE9395CA-FF46-4358-8253-10D12F68848E}.Debug|iPhoneSimulator.ActiveCfg = Debug|Any CPU
		{EE9395CA-FF46-4358-8253-10D12F68848E}.Debug|iPhoneSimulator.Build.0 = Debug|Any CPU
		{EE9395CA-FF46-4358-8253-10D12F68848E}.Debug|iPhoneSimulator.Deploy.0 = Debug|Any CPU
		{EE9395CA-FF46-4358-8253-10D12F68848E}.Release|Any CPU.ActiveCfg = Release|Any CPU
		{EE9395CA-FF46-4358-8253-10D12F68848E}.Release|Any CPU.Build.0 = Release|Any CPU
		{EE9395CA-FF46-4358-8253-10D12F68848E}.Release|Any CPU.Deploy.0 = Release|Any CPU
		{EE9395CA-FF46-4358-8253-10D12F68848E}.Release|iPhone.ActiveCfg = Release|Any CPU
		{EE9395CA-FF46-4358-8253-10D12F68848E}.Release|iPhone.Build.0 = Release|Any CPU
		{EE9395CA-FF46-4358-8253-10D12F68848E}.Release|iPhone.Deploy.0 = Release|Any CPU
		{EE9395CA-FF46-4358-8253-10D12F68848E}.Release|iPhoneSimulator.ActiveCfg = Release|Any CPU
		{EE9395CA-FF46-4358-8253-10D12F68848E}.Release|iPhoneSimulator.Build.0 = Release|Any CPU
		{EE9395CA-FF46-4358-8253-10D12F68848E}.Release|iPhoneSimulator.Deploy.0 = Release|Any CPU
		{9D010DB5-B19D-4F5B-97AF-DA8558855FCB}.Ad-Hoc|Any CPU.ActiveCfg = Ad-Hoc|iPhone
		{9D010DB5-B19D-4F5B-97AF-DA8558855FCB}.Ad-Hoc|Any CPU.Build.0 = Ad-Hoc|iPhone
		{9D010DB5-B19D-4F5B-97AF-DA8558855FCB}.Ad-Hoc|Any CPU.Deploy.0 = Ad-Hoc|iPhone
		{9D010DB5-B19D-4F5B-97AF-DA8558855FCB}.Ad-Hoc|iPhone.ActiveCfg = Ad-Hoc|iPhone
		{9D010DB5-B19D-4F5B-97AF-DA8558855FCB}.Ad-Hoc|iPhone.Build.0 = Ad-Hoc|iPhone
		{9D010DB5-B19D-4F5B-97AF-DA8558855FCB}.Ad-Hoc|iPhone.Deploy.0 = Ad-Hoc|iPhone
		{9D010DB5-B19D-4F5B-97AF-DA8558855FCB}.Ad-Hoc|iPhoneSimulator.ActiveCfg = Ad-Hoc|iPhoneSimulator
		{9D010DB5-B19D-4F5B-97AF-DA8558855FCB}.Ad-Hoc|iPhoneSimulator.Build.0 = Ad-Hoc|iPhoneSimulator
		{9D010DB5-B19D-4F5B-97AF-DA8558855FCB}.Ad-Hoc|iPhoneSimulator.Deploy.0 = Ad-Hoc|iPhoneSimulator
		{9D010DB5-B19D-4F5B-97AF-DA8558855FCB}.AppStore|Any CPU.ActiveCfg = AppStore|iPhone
		{9D010DB5-B19D-4F5B-97AF-DA8558855FCB}.AppStore|Any CPU.Build.0 = AppStore|iPhone
		{9D010DB5-B19D-4F5B-97AF-DA8558855FCB}.AppStore|Any CPU.Deploy.0 = AppStore|iPhone
		{9D010DB5-B19D-4F5B-97AF-DA8558855FCB}.AppStore|iPhone.ActiveCfg = AppStore|iPhone
		{9D010DB5-B19D-4F5B-97AF-DA8558855FCB}.AppStore|iPhone.Build.0 = AppStore|iPhone
		{9D010DB5-B19D-4F5B-97AF-DA8558855FCB}.AppStore|iPhone.Deploy.0 = AppStore|iPhone
		{9D010DB5-B19D-4F5B-97AF-DA8558855FCB}.AppStore|iPhoneSimulator.ActiveCfg = AppStore|iPhoneSimulator
		{9D010DB5-B19D-4F5B-97AF-DA8558855FCB}.AppStore|iPhoneSimulator.Build.0 = AppStore|iPhoneSimulator
		{9D010DB5-B19D-4F5B-97AF-DA8558855FCB}.AppStore|iPhoneSimulator.Deploy.0 = AppStore|iPhoneSimulator
		{9D010DB5-B19D-4F5B-97AF-DA8558855FCB}.Debug|Any CPU.ActiveCfg = Debug|iPhoneSimulator
		{9D010DB5-B19D-4F5B-97AF-DA8558855FCB}.Debug|Any CPU.Build.0 = Debug|iPhoneSimulator
		{9D010DB5-B19D-4F5B-97AF-DA8558855FCB}.Debug|Any CPU.Deploy.0 = Debug|iPhoneSimulator
		{9D010DB5-B19D-4F5B-97AF-DA8558855FCB}.Debug|iPhone.ActiveCfg = Debug|iPhone
		{9D010DB5-B19D-4F5B-97AF-DA8558855FCB}.Debug|iPhone.Build.0 = Debug|iPhone
		{9D010DB5-B19D-4F5B-97AF-DA8558855FCB}.Debug|iPhone.Deploy.0 = Debug|iPhone
		{9D010DB5-B19D-4F5B-97AF-DA8558855FCB}.Debug|iPhoneSimulator.ActiveCfg = Debug|iPhoneSimulator
		{9D010DB5-B19D-4F5B-97AF-DA8558855FCB}.Debug|iPhoneSimulator.Build.0 = Debug|iPhoneSimulator
		{9D010DB5-B19D-4F5B-97AF-DA8558855FCB}.Debug|iPhoneSimulator.Deploy.0 = Debug|iPhoneSimulator
		{9D010DB5-B19D-4F5B-97AF-DA8558855FCB}.Release|Any CPU.ActiveCfg = Release|iPhone
		{9D010DB5-B19D-4F5B-97AF-DA8558855FCB}.Release|Any CPU.Build.0 = Release|iPhone
		{9D010DB5-B19D-4F5B-97AF-DA8558855FCB}.Release|Any CPU.Deploy.0 = Release|iPhone
		{9D010DB5-B19D-4F5B-97AF-DA8558855FCB}.Release|iPhone.ActiveCfg = Release|iPhone
		{9D010DB5-B19D-4F5B-97AF-DA8558855FCB}.Release|iPhone.Build.0 = Release|iPhone
		{9D010DB5-B19D-4F5B-97AF-DA8558855FCB}.Release|iPhone.Deploy.0 = Release|iPhone
		{9D010DB5-B19D-4F5B-97AF-DA8558855FCB}.Release|iPhoneSimulator.ActiveCfg = Release|iPhoneSimulator
		{9D010DB5-B19D-4F5B-97AF-DA8558855FCB}.Release|iPhoneSimulator.Build.0 = Release|iPhoneSimulator
		{9D010DB5-B19D-4F5B-97AF-DA8558855FCB}.Release|iPhoneSimulator.Deploy.0 = Release|iPhoneSimulator
		{C2AFFC7F-EC66-41BF-83E2-4B8F91C6DEB2}.Ad-Hoc|Any CPU.ActiveCfg = Debug|Any CPU
		{C2AFFC7F-EC66-41BF-83E2-4B8F91C6DEB2}.Ad-Hoc|Any CPU.Build.0 = Debug|Any CPU
		{C2AFFC7F-EC66-41BF-83E2-4B8F91C6DEB2}.Ad-Hoc|Any CPU.Deploy.0 = Debug|Any CPU
		{C2AFFC7F-EC66-41BF-83E2-4B8F91C6DEB2}.Ad-Hoc|iPhone.ActiveCfg = Debug|Any CPU
		{C2AFFC7F-EC66-41BF-83E2-4B8F91C6DEB2}.Ad-Hoc|iPhone.Build.0 = Debug|Any CPU
		{C2AFFC7F-EC66-41BF-83E2-4B8F91C6DEB2}.Ad-Hoc|iPhone.Deploy.0 = Debug|Any CPU
		{C2AFFC7F-EC66-41BF-83E2-4B8F91C6DEB2}.Ad-Hoc|iPhoneSimulator.ActiveCfg = Debug|Any CPU
		{C2AFFC7F-EC66-41BF-83E2-4B8F91C6DEB2}.Ad-Hoc|iPhoneSimulator.Build.0 = Debug|Any CPU
		{C2AFFC7F-EC66-41BF-83E2-4B8F91C6DEB2}.Ad-Hoc|iPhoneSimulator.Deploy.0 = Debug|Any CPU
		{C2AFFC7F-EC66-41BF-83E2-4B8F91C6DEB2}.AppStore|Any CPU.ActiveCfg = Debug|Any CPU
		{C2AFFC7F-EC66-41BF-83E2-4B8F91C6DEB2}.AppStore|Any CPU.Build.0 = Debug|Any CPU
		{C2AFFC7F-EC66-41BF-83E2-4B8F91C6DEB2}.AppStore|Any CPU.Deploy.0 = Debug|Any CPU
		{C2AFFC7F-EC66-41BF-83E2-4B8F91C6DEB2}.AppStore|iPhone.ActiveCfg = Debug|Any CPU
		{C2AFFC7F-EC66-41BF-83E2-4B8F91C6DEB2}.AppStore|iPhone.Build.0 = Debug|Any CPU
		{C2AFFC7F-EC66-41BF-83E2-4B8F91C6DEB2}.AppStore|iPhone.Deploy.0 = Debug|Any CPU
		{C2AFFC7F-EC66-41BF-83E2-4B8F91C6DEB2}.AppStore|iPhoneSimulator.ActiveCfg = Debug|Any CPU
		{C2AFFC7F-EC66-41BF-83E2-4B8F91C6DEB2}.AppStore|iPhoneSimulator.Build.0 = Debug|Any CPU
		{C2AFFC7F-EC66-41BF-83E2-4B8F91C6DEB2}.AppStore|iPhoneSimulator.Deploy.0 = Debug|Any CPU
		{C2AFFC7F-EC66-41BF-83E2-4B8F91C6DEB2}.Debug|Any CPU.ActiveCfg = Debug|Any CPU
		{C2AFFC7F-EC66-41BF-83E2-4B8F91C6DEB2}.Debug|Any CPU.Build.0 = Debug|Any CPU
		{C2AFFC7F-EC66-41BF-83E2-4B8F91C6DEB2}.Debug|Any CPU.Deploy.0 = Debug|Any CPU
		{C2AFFC7F-EC66-41BF-83E2-4B8F91C6DEB2}.Debug|iPhone.ActiveCfg = Debug|Any CPU
		{C2AFFC7F-EC66-41BF-83E2-4B8F91C6DEB2}.Debug|iPhone.Build.0 = Debug|Any CPU
		{C2AFFC7F-EC66-41BF-83E2-4B8F91C6DEB2}.Debug|iPhone.Deploy.0 = Debug|Any CPU
		{C2AFFC7F-EC66-41BF-83E2-4B8F91C6DEB2}.Debug|iPhoneSimulator.ActiveCfg = Debug|Any CPU
		{C2AFFC7F-EC66-41BF-83E2-4B8F91C6DEB2}.Debug|iPhoneSimulator.Build.0 = Debug|Any CPU
		{C2AFFC7F-EC66-41BF-83E2-4B8F91C6DEB2}.Debug|iPhoneSimulator.Deploy.0 = Debug|Any CPU
		{C2AFFC7F-EC66-41BF-83E2-4B8F91C6DEB2}.Release|Any CPU.ActiveCfg = Release|Any CPU
		{C2AFFC7F-EC66-41BF-83E2-4B8F91C6DEB2}.Release|Any CPU.Build.0 = Release|Any CPU
		{C2AFFC7F-EC66-41BF-83E2-4B8F91C6DEB2}.Release|Any CPU.Deploy.0 = Release|Any CPU
		{C2AFFC7F-EC66-41BF-83E2-4B8F91C6DEB2}.Release|iPhone.ActiveCfg = Release|Any CPU
		{C2AFFC7F-EC66-41BF-83E2-4B8F91C6DEB2}.Release|iPhone.Build.0 = Release|Any CPU
		{C2AFFC7F-EC66-41BF-83E2-4B8F91C6DEB2}.Release|iPhone.Deploy.0 = Release|Any CPU
		{C2AFFC7F-EC66-41BF-83E2-4B8F91C6DEB2}.Release|iPhoneSimulator.ActiveCfg = Release|Any CPU
		{C2AFFC7F-EC66-41BF-83E2-4B8F91C6DEB2}.Release|iPhoneSimulator.Build.0 = Release|Any CPU
		{C2AFFC7F-EC66-41BF-83E2-4B8F91C6DEB2}.Release|iPhoneSimulator.Deploy.0 = Release|Any CPU
	EndGlobalSection
	GlobalSection(SolutionProperties) = preSolution
		HideSolutionNode = FALSE
	EndGlobalSection
	GlobalSection(ExtensibilityGlobals) = postSolution
		SolutionGuid = {017C93B5-CECD-45F8-B9BE-54E4E7CEC273}
	EndGlobalSection
EndGlobal
